// !$*UTF8*$!
{
	archiveVersion = 1;
	classes = {
	};
	objectVersion = 50;
	objects = {

/* Begin PBXBuildFile section */
		2F2977E622558490D7999B01 /* Pods_pia9firebase2.framework in Frameworks */ = {isa = PBXBuildFile; fileRef = B4ED34F26E7A15C63BC9D2F6 /* Pods_pia9firebase2.framework */; };
		AB1B8946251889AB004322A2 /* AppDelegate.swift in Sources */ = {isa = PBXBuildFile; fileRef = AB1B8945251889AB004322A2 /* AppDelegate.swift */; };
		AB1B8948251889AB004322A2 /* SceneDelegate.swift in Sources */ = {isa = PBXBuildFile; fileRef = AB1B8947251889AB004322A2 /* SceneDelegate.swift */; };
		AB1B894A251889AB004322A2 /* ViewController.swift in Sources */ = {isa = PBXBuildFile; fileRef = AB1B8949251889AB004322A2 /* ViewController.swift */; };
		AB1B894D251889AB004322A2 /* Main.storyboard in Resources */ = {isa = PBXBuildFile; fileRef = AB1B894B251889AB004322A2 /* Main.storyboard */; };
		AB1B894F251889AC004322A2 /* Assets.xcassets in Resources */ = {isa = PBXBuildFile; fileRef = AB1B894E251889AC004322A2 /* Assets.xcassets */; };
		AB1B8952251889AC004322A2 /* LaunchScreen.storyboard in Resources */ = {isa = PBXBuildFile; fileRef = AB1B8950251889AC004322A2 /* LaunchScreen.storyboard */; };
		AB1B895B25188AFD004322A2 /* GoogleService-Info.plist in Resources */ = {isa = PBXBuildFile; fileRef = AB1B895A25188AFD004322A2 /* GoogleService-Info.plist */; };
/* End PBXBuildFile section */

/* Begin PBXFileReference section */
		79F7ED9EFF499973E88D67BD /* Pods-pia9firebase2.debug.xcconfig */ = {isa = PBXFileReference; includeInIndex = 1; lastKnownFileType = text.xcconfig; name = "Pods-pia9firebase2.debug.xcconfig"; path = "Target Support Files/Pods-pia9firebase2/Pods-pia9firebase2.debug.xcconfig"; sourceTree = "<group>"; };
		AB1B8942251889AB004322A2 /* pia9firebase2.app */ = {isa = PBXFileReference; explicitFileType = wrapper.application; includeInIndex = 0; path = pia9firebase2.app; sourceTree = BUILT_PRODUCTS_DIR; };
		AB1B8945251889AB004322A2 /* AppDelegate.swift */ = {isa = PBXFileReference; lastKnownFileType = sourcecode.swift; path = AppDelegate.swift; sourceTree = "<group>"; };
		AB1B8947251889AB004322A2 /* SceneDelegate.swift */ = {isa = PBXFileReference; lastKnownFileType = sourcecode.swift; path = SceneDelegate.swift; sourceTree = "<group>"; };
		AB1B8949251889AB004322A2 /* ViewController.swift */ = {isa = PBXFileReference; lastKnownFileType = sourcecode.swift; path = ViewController.swift; sourceTree = "<group>"; };
		AB1B894C251889AB004322A2 /* Base */ = {isa = PBXFileReference; lastKnownFileType = file.storyboard; name = Base; path = Base.lproj/Main.storyboard; sourceTree = "<group>"; };
		AB1B894E251889AC004322A2 /* Assets.xcassets */ = {isa = PBXFileReference; lastKnownFileType = folder.assetcatalog; path = Assets.xcassets; sourceTree = "<group>"; };
		AB1B8951251889AC004322A2 /* Base */ = {isa = PBXFileReference; lastKnownFileType = file.storyboard; name = Base; path = Base.lproj/LaunchScreen.storyboard; sourceTree = "<group>"; };
		AB1B8953251889AC004322A2 /* Info.plist */ = {isa = PBXFileReference; lastKnownFileType = text.plist.xml; path = Info.plist; sourceTree = "<group>"; };
		AB1B895A25188AFD004322A2 /* GoogleService-Info.plist */ = {isa = PBXFileReference; fileEncoding = 4; lastKnownFileType = text.plist.xml; path = "GoogleService-Info.plist"; sourceTree = "<group>"; };
		B4ED34F26E7A15C63BC9D2F6 /* Pods_pia9firebase2.framework */ = {isa = PBXFileReference; explicitFileType = wrapper.framework; includeInIndex = 0; path = Pods_pia9firebase2.framework; sourceTree = BUILT_PRODUCTS_DIR; };
		F81F0340B4EF8A163E87DFF8 /* Pods-pia9firebase2.release.xcconfig */ = {isa = PBXFileReference; includeInIndex = 1; lastKnownFileType = text.xcconfig; name = "Pods-pia9firebase2.release.xcconfig"; path = "Target Support Files/Pods-pia9firebase2/Pods-pia9firebase2.release.xcconfig"; sourceTree = "<group>"; };
/* End PBXFileReference section */

/* Begin PBXFrameworksBuildPhase section */
		AB1B893F251889AB004322A2 /* Frameworks */ = {
			isa = PBXFrameworksBuildPhase;
			buildActionMask = 2147483647;
			files = (
				2F2977E622558490D7999B01 /* Pods_pia9firebase2.framework in Frameworks */,
			);
			runOnlyForDeploymentPostprocessing = 0;
		};
/* End PBXFrameworksBuildPhase section */

/* Begin PBXGroup section */
		2BA4559406E3CE2423EDEA08 /* Frameworks */ = {
			isa = PBXGroup;
			children = (
				B4ED34F26E7A15C63BC9D2F6 /* Pods_pia9firebase2.framework */,
			);
			name = Frameworks;
			sourceTree = "<group>";
		};
		4B4F5FFCEFC44183BE5085EC /* Pods */ = {
			isa = PBXGroup;
			children = (
				79F7ED9EFF499973E88D67BD /* Pods-pia9firebase2.debug.xcconfig */,
				F81F0340B4EF8A163E87DFF8 /* Pods-pia9firebase2.release.xcconfig */,
			);
			name = Pods;
			path = Pods;
			sourceTree = "<group>";
		};
		AB1B8939251889AB004322A2 = {
			isa = PBXGroup;
			children = (
				AB1B8944251889AB004322A2 /* pia9firebase2 */,
				AB1B8943251889AB004322A2 /* Products */,
				4B4F5FFCEFC44183BE5085EC /* Pods */,
				2BA4559406E3CE2423EDEA08 /* Frameworks */,
			);
			sourceTree = "<group>";
		};
		AB1B8943251889AB004322A2 /* Products */ = {
			isa = PBXGroup;
			children = (
				AB1B8942251889AB004322A2 /* pia9firebase2.app */,
			);
			name = Products;
			sourceTree = "<group>";
		};
		AB1B8944251889AB004322A2 /* pia9firebase2 */ = {
			isa = PBXGroup;
			children = (
				AB1B895A25188AFD004322A2 /* GoogleService-Info.plist */,
				AB1B8945251889AB004322A2 /* AppDelegate.swift */,
				AB1B8947251889AB004322A2 /* SceneDelegate.swift */,
				AB1B8949251889AB004322A2 /* ViewController.swift */,
				AB1B894B251889AB004322A2 /* Main.storyboard */,
				AB1B894E251889AC004322A2 /* Assets.xcassets */,
				AB1B8950251889AC004322A2 /* LaunchScreen.storyboard */,
				AB1B8953251889AC004322A2 /* Info.plist */,
			);
			path = pia9firebase2;
			sourceTree = "<group>";
		};
/* End PBXGroup section */

/* Begin PBXNativeTarget section */
		AB1B8941251889AB004322A2 /* pia9firebase2 */ = {
			isa = PBXNativeTarget;
			buildConfigurationList = AB1B8956251889AC004322A2 /* Build configuration list for PBXNativeTarget "pia9firebase2" */;
			buildPhases = (
				16022A9F61BF4227A036DBA4 /* [CP] Check Pods Manifest.lock */,
				AB1B893E251889AB004322A2 /* Sources */,
				AB1B893F251889AB004322A2 /* Frameworks */,
				AB1B8940251889AB004322A2 /* Resources */,
				1099A0A058F423AC339CEE4F /* [CP] Embed Pods Frameworks */,
			);
			buildRules = (
			);
			dependencies = (
			);
			name = pia9firebase2;
			productName = pia9firebase2;
			productReference = AB1B8942251889AB004322A2 /* pia9firebase2.app */;
			productType = "com.apple.product-type.application";
		};
/* End PBXNativeTarget section */

/* Begin PBXProject section */
		AB1B893A251889AB004322A2 /* Project object */ = {
			isa = PBXProject;
			attributes = {
				LastSwiftUpdateCheck = 1200;
				LastUpgradeCheck = 1200;
				TargetAttributes = {
					AB1B8941251889AB004322A2 = {
						CreatedOnToolsVersion = 12.0;
					};
				};
			};
			buildConfigurationList = AB1B893D251889AB004322A2 /* Build configuration list for PBXProject "pia9firebase2" */;
			compatibilityVersion = "Xcode 9.3";
			developmentRegion = en;
			hasScannedForEncodings = 0;
			knownRegions = (
				en,
				Base,
			);
			mainGroup = AB1B8939251889AB004322A2;
			productRefGroup = AB1B8943251889AB004322A2 /* Products */;
			projectDirPath = "";
			projectRoot = "";
			targets = (
				AB1B8941251889AB004322A2 /* pia9firebase2 */,
			);
		};
/* End PBXProject section */

/* Begin PBXResourcesBuildPhase section */
		AB1B8940251889AB004322A2 /* Resources */ = {
			isa = PBXResourcesBuildPhase;
			buildActionMask = 2147483647;
			files = (
				AB1B8952251889AC004322A2 /* LaunchScreen.storyboard in Resources */,
				AB1B895B25188AFD004322A2 /* GoogleService-Info.plist in Resources */,
				AB1B894F251889AC004322A2 /* Assets.xcassets in Resources */,
				AB1B894D251889AB004322A2 /* Main.storyboard in Resources */,
			);
			runOnlyForDeploymentPostprocessing = 0;
		};
/* End PBXResourcesBuildPhase section */

/* Begin PBXShellScriptBuildPhase section */
		1099A0A058F423AC339CEE4F /* [CP] Embed Pods Frameworks */ = {
			isa = PBXShellScriptBuildPhase;
			buildActionMask = 2147483647;
			files = (
			);
			inputFileListPaths = (
				"${PODS_ROOT}/Target Support Files/Pods-pia9firebase2/Pods-pia9firebase2-frameworks-${CONFIGURATION}-input-files.xcfilelist",
			);
			name = "[CP] Embed Pods Frameworks";
			outputFileListPaths = (
				"${PODS_ROOT}/Target Support Files/Pods-pia9firebase2/Pods-pia9firebase2-frameworks-${CONFIGURATION}-output-files.xcfilelist",
			);
			runOnlyForDeploymentPostprocessing = 0;
			shellPath = /bin/sh;
			shellScript = "\"${PODS_ROOT}/Target Support Files/Pods-pia9firebase2/Pods-pia9firebase2-frameworks.sh\"\n";
			showEnvVarsInLog = 0;
		};
		16022A9F61BF4227A036DBA4 /* [CP] Check Pods Manifest.lock */ = {
			isa = PBXShellScriptBuildPhase;
			buildActionMask = 2147483647;
			files = (
			);
			inputFileListPaths = (
			);
			inputPaths = (
				"${PODS_PODFILE_DIR_PATH}/Podfile.lock",
				"${PODS_ROOT}/Manifest.lock",
			);
			name = "[CP] Check Pods Manifest.lock";
			outputFileListPaths = (
			);
			outputPaths = (
				"$(DERIVED_FILE_DIR)/Pods-pia9firebase2-checkManifestLockResult.txt",
			);
			runOnlyForDeploymentPostprocessing = 0;
			shellPath = /bin/sh;
			shellScript = "diff \"${PODS_PODFILE_DIR_PATH}/Podfile.lock\" \"${PODS_ROOT}/Manifest.lock\" > /dev/null\nif [ $? != 0 ] ; then\n    # print error to STDERR\n    echo \"error: The sandbox is not in sync with the Podfile.lock. Run 'pod install' or update your CocoaPods installation.\" >&2\n    exit 1\nfi\n# This output is used by Xcode 'outputs' to avoid re-running this script phase.\necho \"SUCCESS\" > \"${SCRIPT_OUTPUT_FILE_0}\"\n";
			showEnvVarsInLog = 0;
		};
/* End PBXShellScriptBuildPhase section */

/* Begin PBXSourcesBuildPhase section */
		AB1B893E251889AB004322A2 /* Sources */ = {
			isa = PBXSourcesBuildPhase;
			buildActionMask = 2147483647;
			files = (
				AB1B894A251889AB004322A2 /* ViewController.swift in Sources */,
				AB1B8946251889AB004322A2 /* AppDelegate.swift in Sources */,
				AB1B8948251889AB004322A2 /* SceneDelegate.swift in Sources */,
			);
			runOnlyForDeploymentPostprocessing = 0;
		};
/* End PBXSourcesBuildPhase section */

/* Begin PBXVariantGroup section */
		AB1B894B251889AB004322A2 /* Main.storyboard */ = {
			isa = PBXVariantGroup;
			children = (
				AB1B894C251889AB004322A2 /* Base */,
			);
			name = Main.storyboard;
			sourceTree = "<group>";
		};
		AB1B8950251889AC004322A2 /* LaunchScreen.storyboard */ = {
			isa = PBXVariantGroup;
			children = (
				AB1B8951251889AC004322A2 /* Base */,
			);
			name = LaunchScreen.storyboard;
			sourceTree = "<group>";
		};
/* End PBXVariantGroup section */

/* Begin XCBuildConfiguration section */
		AB1B8954251889AC004322A2 /* Debug */ = {
			isa = XCBuildConfiguration;
			buildSettings = {
				ALWAYS_SEARCH_USER_PATHS = NO;
				CLANG_ANALYZER_NONNULL = YES;
				CLANG_ANALYZER_NUMBER_OBJECT_CONVERSION = YES_AGGRESSIVE;
				CLANG_CXX_LANGUAGE_STANDARD = "gnu++14";
				CLANG_CXX_LIBRARY = "libc++";
				CLANG_ENABLE_MODULES = YES;
				CLANG_ENABLE_OBJC_ARC = YES;
				CLANG_ENABLE_OBJC_WEAK = YES;
				CLANG_WARN_BLOCK_CAPTURE_AUTORELEASING = YES;
				CLANG_WARN_BOOL_CONVERSION = YES;
				CLANG_WARN_COMMA = YES;
				CLANG_WARN_CONSTANT_CONVERSION = YES;
				CLANG_WARN_DEPRECATED_OBJC_IMPLEMENTATIONS = YES;
				CLANG_WARN_DIRECT_OBJC_ISA_USAGE = YES_ERROR;
				CLANG_WARN_DOCUMENTATION_COMMENTS = YES;
				CLANG_WARN_EMPTY_BODY = YES;
				CLANG_WARN_ENUM_CONVERSION = YES;
				CLANG_WARN_INFINITE_RECURSION = YES;
				CLANG_WARN_INT_CONVERSION = YES;
				CLANG_WARN_NON_LITERAL_NULL_CONVERSION = YES;
				CLANG_WARN_OBJC_IMPLICIT_RETAIN_SELF = YES;
				CLANG_WARN_OBJC_LITERAL_CONVERSION = YES;
				CLANG_WARN_OBJC_ROOT_CLASS = YES_ERROR;
				CLANG_WARN_QUOTED_INCLUDE_IN_FRAMEWORK_HEADER = YES;
				CLANG_WARN_RANGE_LOOP_ANALYSIS = YES;
				CLANG_WARN_STRICT_PROTOTYPES = YES;
				CLANG_WARN_SUSPICIOUS_MOVE = YES;
				CLANG_WARN_UNGUARDED_AVAILABILITY = YES_AGGRESSIVE;
				CLANG_WARN_UNREACHABLE_CODE = YES;
				CLANG_WARN__DUPLICATE_METHOD_MATCH = YES;
				COPY_PHASE_STRIP = NO;
				DEBUG_INFORMATION_FORMAT = dwarf;
				ENABLE_STRICT_OBJC_MSGSEND = YES;
				ENABLE_TESTABILITY = YES;
				GCC_C_LANGUAGE_STANDARD = gnu11;
				GCC_DYNAMIC_NO_PIC = NO;
				GCC_NO_COMMON_BLOCKS = YES;
				GCC_OPTIMIZATION_LEVEL = 0;
				GCC_PREPROCESSOR_DEFINITIONS = (
					"DEBUG=1",
					"$(inherited)",
				);
				GCC_WARN_64_TO_32_BIT_CONVERSION = YES;
				GCC_WARN_ABOUT_RETURN_TYPE = YES_ERROR;
				GCC_WARN_UNDECLARED_SELECTOR = YES;
				GCC_WARN_UNINITIALIZED_AUTOS = YES_AGGRESSIVE;
				GCC_WARN_UNUSED_FUNCTION = YES;
				GCC_WARN_UNUSED_VARIABLE = YES;
				IPHONEOS_DEPLOYMENT_TARGET = 14.0;
				MTL_ENABLE_DEBUG_INFO = INCLUDE_SOURCE;
				MTL_FAST_MATH = YES;
				ONLY_ACTIVE_ARCH = YES;
				SDKROOT = iphoneos;
				SWIFT_ACTIVE_COMPILATION_CONDITIONS = DEBUG;
				SWIFT_OPTIMIZATION_LEVEL = "-Onone";
			};
			name = Debug;
		};
		AB1B8955251889AC004322A2 /* Release */ = {
			isa = XCBuildConfiguration;
			buildSettings = {
				ALWAYS_SEARCH_USER_PATHS = NO;
				CLANG_ANALYZER_NONNULL = YES;
				CLANG_ANALYZER_NUMBER_OBJECT_CONVERSION = YES_AGGRESSIVE;
				CLANG_CXX_LANGUAGE_STANDARD = "gnu++14";
				CLANG_CXX_LIBRARY = "libc++";
				CLANG_ENABLE_MODULES = YES;
				CLANG_ENABLE_OBJC_ARC = YES;
				CLANG_ENABLE_OBJC_WEAK = YES;
				CLANG_WARN_BLOCK_CAPTURE_AUTORELEASING = YES;
				CLANG_WARN_BOOL_CONVERSION = YES;
				CLANG_WARN_COMMA = YES;
				CLANG_WARN_CONSTANT_CONVERSION = YES;
				CLANG_WARN_DEPRECATED_OBJC_IMPLEMENTATIONS = YES;
				CLANG_WARN_DIRECT_OBJC_ISA_USAGE = YES_ERROR;
				CLANG_WARN_DOCUMENTATION_COMMENTS = YES;
				CLANG_WARN_EMPTY_BODY = YES;
				CLANG_WARN_ENUM_CONVERSION = YES;
				CLANG_WARN_INFINITE_RECURSION = YES;
				CLANG_WARN_INT_CONVERSION = YES;
				CLANG_WARN_NON_LITERAL_NULL_CONVERSION = YES;
				CLANG_WARN_OBJC_IMPLICIT_RETAIN_SELF = YES;
				CLANG_WARN_OBJC_LITERAL_CONVERSION = YES;
				CLANG_WARN_OBJC_ROOT_CLASS = YES_ERROR;
				CLANG_WARN_QUOTED_INCLUDE_IN_FRAMEWORK_HEADER = YES;
				CLANG_WARN_RANGE_LOOP_ANALYSIS = YES;
				CLANG_WARN_STRICT_PROTOTYPES = YES;
				CLANG_WARN_SUSPICIOUS_MOVE = YES;
				CLANG_WARN_UNGUARDED_AVAILABILITY = YES_AGGRESSIVE;
				CLANG_WARN_UNREACHABLE_CODE = YES;
				CLANG_WARN__DUPLICATE_METHOD_MATCH = YES;
				COPY_PHASE_STRIP = NO;
				DEBUG_INFORMATION_FORMAT = "dwarf-with-dsym";
				ENABLE_NS_ASSERTIONS = NO;
				ENABLE_STRICT_OBJC_MSGSEND = YES;
				GCC_C_LANGUAGE_STANDARD = gnu11;
				GCC_NO_COMMON_BLOCKS = YES;
				GCC_WARN_64_TO_32_BIT_CONVERSION = YES;
				GCC_WARN_ABOUT_RETURN_TYPE = YES_ERROR;
				GCC_WARN_UNDECLARED_SELECTOR = YES;
				GCC_WARN_UNINITIALIZED_AUTOS = YES_AGGRESSIVE;
				GCC_WARN_UNUSED_FUNCTION = YES;
				GCC_WARN_UNUSED_VARIABLE = YES;
				IPHONEOS_DEPLOYMENT_TARGET = 14.0;
				MTL_ENABLE_DEBUG_INFO = NO;
				MTL_FAST_MATH = YES;
				SDKROOT = iphoneos;
				SWIFT_COMPILATION_MODE = wholemodule;
				SWIFT_OPTIMIZATION_LEVEL = "-O";
				VALIDATE_PRODUCT = YES;
			};
			name = Release;
		};
		AB1B8957251889AC004322A2 /* Debug */ = {
			isa = XCBuildConfiguration;
			baseConfigurationReference = 79F7ED9EFF499973E88D67BD /* Pods-pia9firebase2.debug.xcconfig */;
			buildSettings = {
				ASSETCATALOG_COMPILER_APPICON_NAME = AppIcon;
				ASSETCATALOG_COMPILER_GLOBAL_ACCENT_COLOR_NAME = AccentColor;
				CODE_SIGN_STYLE = Automatic;
				INFOPLIST_FILE = pia9firebase2/Info.plist;
				LD_RUNPATH_SEARCH_PATHS = (
					"$(inherited)",
					"@executable_path/Frameworks",
				);
				PRODUCT_BUNDLE_IDENTIFIER = se.magictechnology.pia9firebase2;
				PRODUCT_NAME = "$(TARGET_NAME)";
				SWIFT_VERSION = 5.0;
				TARGETED_DEVICE_FAMILY = "1,2";
			};
			name = Debug;
		};
		AB1B8958251889AC004322A2 /* Release */ = {
			isa = XCBuildConfiguration;
			baseConfigurationReference = F81F0340B4EF8A163E87DFF8 /* Pods-pia9firebase2.release.xcconfig */;
			buildSettings = {
				ASSETCATALOG_COMPILER_APPICON_NAME = AppIcon;
				ASSETCATALOG_COMPILER_GLOBAL_ACCENT_COLOR_NAME = AccentColor;
				CODE_SIGN_STYLE = Automatic;
				INFOPLIST_FILE = pia9firebase2/Info.plist;
				LD_RUNPATH_SEARCH_PATHS = (
					"$(inherited)",
					"@executable_path/Frameworks",
				);
				PRODUCT_BUNDLE_IDENTIFIER = se.magictechnology.pia9firebase2;
				PRODUCT_NAME = "$(TARGET_NAME)";
				SWIFT_VERSION = 5.0;
				TARGETED_DEVICE_FAMILY = "1,2";
			};
			name = Release;
		};
/* End XCBuildConfiguration section */

/* Begin XCConfigurationList section */
		AB1B893D251889AB004322A2 /* Build configuration list for PBXProject "pia9firebase2" */ = {
			isa = XCConfigurationList;
			buildConfigurations = (
				AB1B8954251889AC004322A2 /* Debug */,
				AB1B8955251889AC004322A2 /* Release */,
			);
			defaultConfigurationIsVisible = 0;
			defaultConfigurationName = Release;
		};
		AB1B8956251889AC004322A2 /* Build configuration list for PBXNativeTarget "pia9firebase2" */ = {
			isa = XCConfigurationList;
			buildConfigurations = (
				AB1B8957251889AC004322A2 /* Debug */,
				AB1B8958251889AC004322A2 /* Release */,
			);
			defaultConfigurationIsVisible = 0;
			defaultConfigurationName = Release;
		};
/* End XCConfigurationList section */
	};
	rootObject = AB1B893A251889AB004322A2 /* Project object */;
}
